
Microsoft Visual Studio Solution File, Format Version 12.00
# Visual Studio Version 16
VisualStudioVersion = 16.0.32126.315
MinimumVisualStudioVersion = 10.0.40219.1
Project("{FAE04EC0-301F-11D3-BF4B-00C04F79EFBC}") = "01. Train", "01. Train\01. Train.csproj", "{635E7EAB-E92B-4782-AE1E-C36CB73CC8C1}"
EndProject
Project("{FAE04EC0-301F-11D3-BF4B-00C04F79EFBC}") = "02. Change List", "02. Change List\02. Change List.csproj", "{CCB5D08A-D810-49FF-BF3A-F0ED8E814283}"
EndProject
Project("{FAE04EC0-301F-11D3-BF4B-00C04F79EFBC}") = "03. House Party", "03. House Party\03. House Party.csproj", "{4FD9925D-4C0A-49DE-AF33-85511E2D884D}"
EndProject
Project("{FAE04EC0-301F-11D3-BF4B-00C04F79EFBC}") = "04. List Operations", "04. List Operations\04. List Operations.csproj", "{0E80FA38-763F-4C66-98A7-98AE8762934C}"
EndProject
Project("{FAE04EC0-301F-11D3-BF4B-00C04F79EFBC}") = "05. Bomb Numbers", "05. Bomb Numbers\05. Bomb Numbers.csproj", "{1B638D21-CC64-4FA3-A28B-4F78E1BDE280}"
EndProject
Project("{FAE04EC0-301F-11D3-BF4B-00C04F79EFBC}") = "06. Cards Game", "06. Cards Game\06. Cards Game.csproj", "{CAD8E72C-3BE1-4A43-990B-A2D2063C15F4}"
EndProject
Project("{FAE04EC0-301F-11D3-BF4B-00C04F79EFBC}") = "07. Append Arrays", "07. Append Arrays\07. Append Arrays.csproj", "{83E3A252-2998-4D5D-8356-D0EFC9E985DF}"
EndProject
Project("{FAE04EC0-301F-11D3-BF4B-00C04F79EFBC}") = "08. Anonymous Threat", "08. Anonymous Threat\08. Anonymous Threat.csproj", "{E481F940-1B2D-4EEB-A586-19E441DE13C8}"
EndProject
Global
	GlobalSection(SolutionConfigurationPlatforms) = preSolution
		Debug|Any CPU = Debug|Any CPU
		Release|Any CPU = Release|Any CPU
	EndGlobalSection
	GlobalSection(ProjectConfigurationPlatforms) = postSolution
		{635E7EAB-E92B-4782-AE1E-C36CB73CC8C1}.Debug|Any CPU.ActiveCfg = Debug|Any CPU
		{635E7EAB-E92B-4782-AE1E-C36CB73CC8C1}.Debug|Any CPU.Build.0 = Debug|Any CPU
		{635E7EAB-E92B-4782-AE1E-C36CB73CC8C1}.Release|Any CPU.ActiveCfg = Release|Any CPU
		{635E7EAB-E92B-4782-AE1E-C36CB73CC8C1}.Release|Any CPU.Build.0 = Release|Any CPU
		{CCB5D08A-D810-49FF-BF3A-F0ED8E814283}.Debug|Any CPU.ActiveCfg = Debug|Any CPU
		{CCB5D08A-D810-49FF-BF3A-F0ED8E814283}.Debug|Any CPU.Build.0 = Debug|Any CPU
		{CCB5D08A-D810-49FF-BF3A-F0ED8E814283}.Release|Any CPU.ActiveCfg = Release|Any CPU
		{CCB5D08A-D810-49FF-BF3A-F0ED8E814283}.Release|Any CPU.Build.0 = Release|Any CPU
		{4FD9925D-4C0A-49DE-AF33-85511E2D884D}.Debug|Any CPU.ActiveCfg = Debug|Any CPU
		{4FD9925D-4C0A-49DE-AF33-85511E2D884D}.Debug|Any CPU.Build.0 = Debug|Any CPU
		{4FD9925D-4C0A-49DE-AF33-85511E2D884D}.Release|Any CPU.ActiveCfg = Release|Any CPU
		{4FD9925D-4C0A-49DE-AF33-85511E2D884D}.Release|Any CPU.Build.0 = Release|Any CPU
		{0E80FA38-763F-4C66-98A7-98AE8762934C}.Debug|Any CPU.ActiveCfg = Debug|Any CPU
		{0E80FA38-763F-4C66-98A7-98AE8762934C}.Debug|Any CPU.Build.0 = Debug|Any CPU
		{0E80FA38-763F-4C66-98A7-98AE8762934C}.Release|Any CPU.ActiveCfg = Release|Any CPU
		{0E80FA38-763F-4C66-98A7-98AE8762934C}.Release|Any CPU.Build.0 = Release|Any CPU
		{1B638D21-CC64-4FA3-A28B-4F78E1BDE280}.Debug|Any CPU.ActiveCfg = Debug|Any CPU
		{1B638D21-CC64-4FA3-A28B-4F78E1BDE280}.Debug|Any CPU.Build.0 = Debug|Any CPU
		{1B638D21-CC64-4FA3-A28B-4F78E1BDE280}.Release|Any CPU.ActiveCfg = Release|Any CPU
		{1B638D21-CC64-4FA3-A28B-4F78E1BDE280}.Release|Any CPU.Build.0 = Release|Any CPU
		{CAD8E72C-3BE1-4A43-990B-A2D2063C15F4}.Debug|Any CPU.ActiveCfg = Debug|Any CPU
		{CAD8E72C-3BE1-4A43-990B-A2D2063C15F4}.Debug|Any CPU.Build.0 = Debug|Any CPU
		{CAD8E72C-3BE1-4A43-990B-A2D2063C15F4}.Release|Any CPU.ActiveCfg = Release|Any CPU
		{CAD8E72C-3BE1-4A43-990B-A2D2063C15F4}.Release|Any CPU.Build.0 = Release|Any CPU
		{83E3A252-2998-4D5D-8356-D0EFC9E985DF}.Debug|Any CPU.ActiveCfg = Debug|Any CPU
		{83E3A252-2998-4D5D-8356-D0EFC9E985DF}.Debug|Any CPU.Build.0 = Debug|Any CPU
		{83E3A252-2998-4D5D-8356-D0EFC9E985DF}.Release|Any CPU.ActiveCfg = Release|Any CPU
		{83E3A252-2998-4D5D-8356-D0EFC9E985DF}.Release|Any CPU.Build.0 = Release|Any CPU
		{E481F940-1B2D-4EEB-A586-19E441DE13C8}.Debug|Any CPU.ActiveCfg = Debug|Any CPU
		{E481F940-1B2D-4EEB-A586-19E441DE13C8}.Debug|Any CPU.Build.0 = Debug|Any CPU
		{E481F940-1B2D-4EEB-A586-19E441DE13C8}.Release|Any CPU.ActiveCfg = Release|Any CPU
		{E481F940-1B2D-4EEB-A586-19E441DE13C8}.Release|Any CPU.Build.0 = Release|Any CPU
	EndGlobalSection
	GlobalSection(SolutionProperties) = preSolution
		HideSolutionNode = FALSE
	EndGlobalSection
	GlobalSection(ExtensibilityGlobals) = postSolution
		SolutionGuid = {F728B4F5-24D8-4832-8C7B-43331FDBA9B7}
	EndGlobalSection
EndGlobal
