
Microsoft Visual Studio Solution File, Format Version 12.00
# Visual Studio Version 16
VisualStudioVersion = 16.0.32126.315
MinimumVisualStudioVersion = 10.0.40219.1
Project("{FAE04EC0-301F-11D3-BF4B-00C04F79EFBC}") = "01. Train", "01. Train\01. Train.csproj", "{635E7EAB-E92B-4782-AE1E-C36CB73CC8C1}"
EndProject
Project("{FAE04EC0-301F-11D3-BF4B-00C04F79EFBC}") = "02. Change List", "02. Change List\02. Change List.csproj", "{CCB5D08A-D810-49FF-BF3A-F0ED8E814283}"
EndProject
Global
	GlobalSection(SolutionConfigurationPlatforms) = preSolution
		Debug|Any CPU = Debug|Any CPU
		Release|Any CPU = Release|Any CPU
	EndGlobalSection
	GlobalSection(ProjectConfigurationPlatforms) = postSolution
		{635E7EAB-E92B-4782-AE1E-C36CB73CC8C1}.Debug|Any CPU.ActiveCfg = Debug|Any CPU
		{635E7EAB-E92B-4782-AE1E-C36CB73CC8C1}.Debug|Any CPU.Build.0 = Debug|Any CPU
		{635E7EAB-E92B-4782-AE1E-C36CB73CC8C1}.Release|Any CPU.ActiveCfg = Release|Any CPU
		{635E7EAB-E92B-4782-AE1E-C36CB73CC8C1}.Release|Any CPU.Build.0 = Release|Any CPU
		{CCB5D08A-D810-49FF-BF3A-F0ED8E814283}.Debug|Any CPU.ActiveCfg = Debug|Any CPU
		{CCB5D08A-D810-49FF-BF3A-F0ED8E814283}.Debug|Any CPU.Build.0 = Debug|Any CPU
		{CCB5D08A-D810-49FF-BF3A-F0ED8E814283}.Release|Any CPU.ActiveCfg = Release|Any CPU
		{CCB5D08A-D810-49FF-BF3A-F0ED8E814283}.Release|Any CPU.Build.0 = Release|Any CPU
	EndGlobalSection
	GlobalSection(SolutionProperties) = preSolution
		HideSolutionNode = FALSE
	EndGlobalSection
	GlobalSection(ExtensibilityGlobals) = postSolution
		SolutionGuid = {F728B4F5-24D8-4832-8C7B-43331FDBA9B7}
	EndGlobalSection
EndGlobal
